// !$*UTF8*$!
{
	archiveVersion = 1;
	classes = {
	};
	objectVersion = 50;
	objects = {

/* Begin PBXBuildFile section */
		11475CC727739808008A9F85 /* EnvironmentValues.swift in Sources */ = {isa = PBXBuildFile; fileRef = 11475CC627739808008A9F85 /* EnvironmentValues.swift */; };
		11475CC927739FCC008A9F85 /* RoutingState.swift in Sources */ = {isa = PBXBuildFile; fileRef = 11475CC827739FCC008A9F85 /* RoutingState.swift */; };
		1168AB3C278F18AF00DD63A0 /* VcrWrapper.swift in Sources */ = {isa = PBXBuildFile; fileRef = 1168AB3B278F18AF00DD63A0 /* VcrWrapper.swift */; };
		116D3903275A34B400C40765 /* AddVcrView.swift in Sources */ = {isa = PBXBuildFile; fileRef = 116D3902275A34B400C40765 /* AddVcrView.swift */; };
		116D390F275F7C9C00C40765 /* BulletTextItem.swift in Sources */ = {isa = PBXBuildFile; fileRef = 116D390E275F7C9C00C40765 /* BulletTextItem.swift */; };
		116D3911275F7CE600C40765 /* HintButton.swift in Sources */ = {isa = PBXBuildFile; fileRef = 116D3910275F7CE600C40765 /* HintButton.swift */; };
		116D39152760DC3D00C40765 /* AddVcrInteractor.swift in Sources */ = {isa = PBXBuildFile; fileRef = 116D39142760DC3D00C40765 /* AddVcrInteractor.swift */; };
		116D39172760DC7100C40765 /* AddVcrState.swift in Sources */ = {isa = PBXBuildFile; fileRef = 116D39162760DC7100C40765 /* AddVcrState.swift */; };
		119310AB27637FE900B64BE0 /* QrCode.swift in Sources */ = {isa = PBXBuildFile; fileRef = 119310AA27637FE900B64BE0 /* QrCode.swift */; };
		119310AD2767865200B64BE0 /* ProgressRectangle.swift in Sources */ = {isa = PBXBuildFile; fileRef = 119310AC2767865200B64BE0 /* ProgressRectangle.swift */; };
		119BF03D2749506A0002B8C6 /* Hint.swift in Sources */ = {isa = PBXBuildFile; fileRef = 119BF03C2749506A0002B8C6 /* Hint.swift */; };
		119BF043274AB3050002B8C6 /* VcrListView.swift in Sources */ = {isa = PBXBuildFile; fileRef = 119BF042274AB3050002B8C6 /* VcrListView.swift */; };
		445B3D842758B253004B224C /* VCRCard.swift in Sources */ = {isa = PBXBuildFile; fileRef = 445B3D832758B253004B224C /* VCRCard.swift */; };
		448067E6275FD1C700EBF5BB /* NotificationManager.swift in Sources */ = {isa = PBXBuildFile; fileRef = 448067E5275FD1C700EBF5BB /* NotificationManager.swift */; };
		4483BA67278C245300D73A44 /* PcscWrapperInteractor.swift in Sources */ = {isa = PBXBuildFile; fileRef = 4483BA66278C245300D73A44 /* PcscWrapperInteractor.swift */; };
		58167F70248628D200C76262 /* SignView.swift in Sources */ = {isa = PBXBuildFile; fileRef = 58167F6F248628D200C76262 /* SignView.swift */; };
		584300C5248F8B1100DBC98E /* CoreDataUser.xcdatamodeld in Sources */ = {isa = PBXBuildFile; fileRef = 584300C3248F8B1100DBC98E /* CoreDataUser.xcdatamodeld */; };
		584300CB2490C72D00DBC98E /* User.swift in Sources */ = {isa = PBXBuildFile; fileRef = 584300CA2490C72D00DBC98E /* User.swift */; };
		588410D424862758003AD26A /* TokenManager.swift in Sources */ = {isa = PBXBuildFile; fileRef = 588410C924862758003AD26A /* TokenManager.swift */; };
		588410D524862758003AD26A /* PinInputView.swift in Sources */ = {isa = PBXBuildFile; fileRef = 588410CB24862758003AD26A /* PinInputView.swift */; };
		588410D624862758003AD26A /* AppDelegate.swift in Sources */ = {isa = PBXBuildFile; fileRef = 588410CC24862758003AD26A /* AppDelegate.swift */; };
		588410D824862758003AD26A /* UserCard.swift in Sources */ = {isa = PBXBuildFile; fileRef = 588410CE24862758003AD26A /* UserCard.swift */; };
		588410D924862758003AD26A /* SceneDelegate.swift in Sources */ = {isa = PBXBuildFile; fileRef = 588410CF24862758003AD26A /* SceneDelegate.swift */; };
		588410DA24862758003AD26A /* UserListView.swift in Sources */ = {isa = PBXBuildFile; fileRef = 588410D024862758003AD26A /* UserListView.swift */; };
		588410DB24862758003AD26A /* RoundedFilledButton.swift in Sources */ = {isa = PBXBuildFile; fileRef = 588410D224862758003AD26A /* RoundedFilledButton.swift */; };
		588410DC24862758003AD26A /* TextFieldWithFloatingLabel.swift in Sources */ = {isa = PBXBuildFile; fileRef = 588410D324862758003AD26A /* TextFieldWithFloatingLabel.swift */; };
		588BB099248408A400C3AE5C /* rtengine.framework in Frameworks */ = {isa = PBXBuildFile; fileRef = 588BB0962484032700C3AE5C /* rtengine.framework */; };
		588BB09A248408A400C3AE5C /* rtengine.framework in Embed Frameworks */ = {isa = PBXBuildFile; fileRef = 588BB0962484032700C3AE5C /* rtengine.framework */; settings = {ATTRIBUTES = (CodeSignOnCopy, RemoveHeadersOnCopy, ); }; };
		588BB09B248408A600C3AE5C /* openssl.framework in Frameworks */ = {isa = PBXBuildFile; fileRef = 588BB0952484032700C3AE5C /* openssl.framework */; };
		588BB09C248408A600C3AE5C /* openssl.framework in Embed Frameworks */ = {isa = PBXBuildFile; fileRef = 588BB0952484032700C3AE5C /* openssl.framework */; settings = {ATTRIBUTES = (CodeSignOnCopy, RemoveHeadersOnCopy, ); }; };
		58FFC9EC24881E8B00AEE56D /* test.pdf in Resources */ = {isa = PBXBuildFile; fileRef = 58FFC9EB24881E8B00AEE56D /* test.pdf */; };
		5E33801727674BA400FE7A23 /* VcrInfo.swift in Sources */ = {isa = PBXBuildFile; fileRef = 5E33801627674BA400FE7A23 /* VcrInfo.swift */; };
		5EB182EB276340890078FA5E /* PcscWrapper.swift in Sources */ = {isa = PBXBuildFile; fileRef = 5EB182EA276340890078FA5E /* PcscWrapper.swift */; };
		5ED0A736276260F700D67034 /* VcrListInteractor.swift in Sources */ = {isa = PBXBuildFile; fileRef = 5ED0A735276260F700D67034 /* VcrListInteractor.swift */; };
		5ED0A7382762614400D67034 /* VcrListState.swift in Sources */ = {isa = PBXBuildFile; fileRef = 5ED0A7372762614400D67034 /* VcrListState.swift */; };
		5EFD388E2769E97000A77C40 /* UserListInteractor.swift in Sources */ = {isa = PBXBuildFile; fileRef = 5EFD388D2769E97000A77C40 /* UserListInteractor.swift */; };
		B158944124863EE000C8485E /* DocumentViewer.swift in Sources */ = {isa = PBXBuildFile; fileRef = B158944024863EDF00C8485E /* DocumentViewer.swift */; };
		B15894462486BA8900C8485E /* ShareView.swift in Sources */ = {isa = PBXBuildFile; fileRef = B15894452486BA8900C8485E /* ShareView.swift */; };
		B15FBD26248E267600385F6E /* Sharables.swift in Sources */ = {isa = PBXBuildFile; fileRef = B15FBD25248E267600385F6E /* Sharables.swift */; };
		B15FBD28248E6B9500385F6E /* DocumentPickerView.swift in Sources */ = {isa = PBXBuildFile; fileRef = B15FBD27248E6B9500385F6E /* DocumentPickerView.swift */; };
		B15FBD2E24925FE000385F6E /* AccessedUrl.swift in Sources */ = {isa = PBXBuildFile; fileRef = B15FBD2D24925FE000385F6E /* AccessedUrl.swift */; };
		C310886C24939CEF00C6E8FE /* TokenListView.swift in Sources */ = {isa = PBXBuildFile; fileRef = C310886B24939CEF00C6E8FE /* TokenListView.swift */; };
		C399859224864A1D004C5889 /* Cert.swift in Sources */ = {isa = PBXBuildFile; fileRef = C399859124864A1D004C5889 /* Cert.swift */; };
		C399859424864A3F004C5889 /* Token.swift in Sources */ = {isa = PBXBuildFile; fileRef = C399859324864A3F004C5889 /* Token.swift */; };
		C3C5FE85248A741700751E3A /* LoadingIndicator.swift in Sources */ = {isa = PBXBuildFile; fileRef = C3C5FE84248A741700751E3A /* LoadingIndicator.swift */; };
		C3CE1BAF24866DD400981E61 /* SignResultView.swift in Sources */ = {isa = PBXBuildFile; fileRef = C3CE1BAE24866DD400981E61 /* SignResultView.swift */; };
		C3FA84AB246C11680005B294 /* Assets.xcassets in Resources */ = {isa = PBXBuildFile; fileRef = C3FA84AA246C11680005B294 /* Assets.xcassets */; };
		C3FA84AE246C11680005B294 /* Preview Assets.xcassets in Resources */ = {isa = PBXBuildFile; fileRef = C3FA84AD246C11680005B294 /* Preview Assets.xcassets */; };
		C3FA84B1246C11680005B294 /* LaunchScreen.storyboard in Resources */ = {isa = PBXBuildFile; fileRef = C3FA84AF246C11680005B294 /* LaunchScreen.storyboard */; };
		C3FF05F82497F4FF00C8F4B1 /* CertCard.swift in Sources */ = {isa = PBXBuildFile; fileRef = C3FF05F72497F4FF00C8F4B1 /* CertCard.swift */; };
		C3FF05FA2497F5AF00C8F4B1 /* CertListView.swift in Sources */ = {isa = PBXBuildFile; fileRef = C3FF05F92497F5AF00C8F4B1 /* CertListView.swift */; };
		C3FF4DC02477A5B6002AA664 /* RtPcsc.framework in Frameworks */ = {isa = PBXBuildFile; fileRef = C3FF4DBE2477A5B6002AA664 /* RtPcsc.framework */; };
		C3FF4DC12477A5B6002AA664 /* RtPcsc.framework in Embed Frameworks */ = {isa = PBXBuildFile; fileRef = C3FF4DBE2477A5B6002AA664 /* RtPcsc.framework */; settings = {ATTRIBUTES = (CodeSignOnCopy, RemoveHeadersOnCopy, ); }; };
		C3FF4DC22477A5B6002AA664 /* rtpkcs11ecp.framework in Frameworks */ = {isa = PBXBuildFile; fileRef = C3FF4DBF2477A5B6002AA664 /* rtpkcs11ecp.framework */; };
		C3FF4DC32477A5B6002AA664 /* rtpkcs11ecp.framework in Embed Frameworks */ = {isa = PBXBuildFile; fileRef = C3FF4DBF2477A5B6002AA664 /* rtpkcs11ecp.framework */; settings = {ATTRIBUTES = (CodeSignOnCopy, RemoveHeadersOnCopy, ); }; };
/* End PBXBuildFile section */

/* Begin PBXCopyFilesBuildPhase section */
		C3FF4DC42477A5B6002AA664 /* Embed Frameworks */ = {
			isa = PBXCopyFilesBuildPhase;
			buildActionMask = 2147483647;
			dstPath = "";
			dstSubfolderSpec = 10;
			files = (
				588BB09A248408A400C3AE5C /* rtengine.framework in Embed Frameworks */,
				588BB09C248408A600C3AE5C /* openssl.framework in Embed Frameworks */,
				C3FF4DC32477A5B6002AA664 /* rtpkcs11ecp.framework in Embed Frameworks */,
				C3FF4DC12477A5B6002AA664 /* RtPcsc.framework in Embed Frameworks */,
			);
			name = "Embed Frameworks";
			runOnlyForDeploymentPostprocessing = 0;
		};
/* End PBXCopyFilesBuildPhase section */

/* Begin PBXFileReference section */
		11475CC627739808008A9F85 /* EnvironmentValues.swift */ = {isa = PBXFileReference; lastKnownFileType = sourcecode.swift; path = EnvironmentValues.swift; sourceTree = "<group>"; };
		11475CC827739FCC008A9F85 /* RoutingState.swift */ = {isa = PBXFileReference; lastKnownFileType = sourcecode.swift; path = RoutingState.swift; sourceTree = "<group>"; };
		1168AB3B278F18AF00DD63A0 /* VcrWrapper.swift */ = {isa = PBXFileReference; lastKnownFileType = sourcecode.swift; path = VcrWrapper.swift; sourceTree = "<group>"; };
		116D3902275A34B400C40765 /* AddVcrView.swift */ = {isa = PBXFileReference; lastKnownFileType = sourcecode.swift; path = AddVcrView.swift; sourceTree = "<group>"; };
		116D390E275F7C9C00C40765 /* BulletTextItem.swift */ = {isa = PBXFileReference; lastKnownFileType = sourcecode.swift; path = BulletTextItem.swift; sourceTree = "<group>"; };
		116D3910275F7CE600C40765 /* HintButton.swift */ = {isa = PBXFileReference; lastKnownFileType = sourcecode.swift; path = HintButton.swift; sourceTree = "<group>"; };
		116D39142760DC3D00C40765 /* AddVcrInteractor.swift */ = {isa = PBXFileReference; lastKnownFileType = sourcecode.swift; path = AddVcrInteractor.swift; sourceTree = "<group>"; };
		116D39162760DC7100C40765 /* AddVcrState.swift */ = {isa = PBXFileReference; lastKnownFileType = sourcecode.swift; path = AddVcrState.swift; sourceTree = "<group>"; };
		119310AA27637FE900B64BE0 /* QrCode.swift */ = {isa = PBXFileReference; lastKnownFileType = sourcecode.swift; path = QrCode.swift; sourceTree = "<group>"; };
		119310AC2767865200B64BE0 /* ProgressRectangle.swift */ = {isa = PBXFileReference; lastKnownFileType = sourcecode.swift; path = ProgressRectangle.swift; sourceTree = "<group>"; };
		119BF03C2749506A0002B8C6 /* Hint.swift */ = {isa = PBXFileReference; lastKnownFileType = sourcecode.swift; path = Hint.swift; sourceTree = "<group>"; };
		119BF042274AB3050002B8C6 /* VcrListView.swift */ = {isa = PBXFileReference; lastKnownFileType = sourcecode.swift; path = VcrListView.swift; sourceTree = "<group>"; };
		445B3D832758B253004B224C /* VCRCard.swift */ = {isa = PBXFileReference; lastKnownFileType = sourcecode.swift; path = VCRCard.swift; sourceTree = "<group>"; };
		448067E5275FD1C700EBF5BB /* NotificationManager.swift */ = {isa = PBXFileReference; lastKnownFileType = sourcecode.swift; path = NotificationManager.swift; sourceTree = "<group>"; };
		4483BA66278C245300D73A44 /* PcscWrapperInteractor.swift */ = {isa = PBXFileReference; lastKnownFileType = sourcecode.swift; path = PcscWrapperInteractor.swift; sourceTree = "<group>"; };
		58167F6F248628D200C76262 /* SignView.swift */ = {isa = PBXFileReference; fileEncoding = 4; lastKnownFileType = sourcecode.swift; path = SignView.swift; sourceTree = "<group>"; };
		584300C4248F8B1100DBC98E /* CoreDataUser.xcdatamodel */ = {isa = PBXFileReference; lastKnownFileType = wrapper.xcdatamodel; path = CoreDataUser.xcdatamodel; sourceTree = "<group>"; };
		584300CA2490C72D00DBC98E /* User.swift */ = {isa = PBXFileReference; lastKnownFileType = sourcecode.swift; path = User.swift; sourceTree = "<group>"; };
		588410C824862758003AD26A /* Demoshift-Bridging-Header.h */ = {isa = PBXFileReference; fileEncoding = 4; lastKnownFileType = sourcecode.c.h; path = "Demoshift-Bridging-Header.h"; sourceTree = "<group>"; };
		588410C924862758003AD26A /* TokenManager.swift */ = {isa = PBXFileReference; fileEncoding = 4; lastKnownFileType = sourcecode.swift; path = TokenManager.swift; sourceTree = "<group>"; };
		588410CB24862758003AD26A /* PinInputView.swift */ = {isa = PBXFileReference; fileEncoding = 4; lastKnownFileType = sourcecode.swift; path = PinInputView.swift; sourceTree = "<group>"; };
		588410CC24862758003AD26A /* AppDelegate.swift */ = {isa = PBXFileReference; fileEncoding = 4; lastKnownFileType = sourcecode.swift; path = AppDelegate.swift; sourceTree = "<group>"; };
		588410CE24862758003AD26A /* UserCard.swift */ = {isa = PBXFileReference; fileEncoding = 4; lastKnownFileType = sourcecode.swift; path = UserCard.swift; sourceTree = "<group>"; };
		588410CF24862758003AD26A /* SceneDelegate.swift */ = {isa = PBXFileReference; fileEncoding = 4; lastKnownFileType = sourcecode.swift; path = SceneDelegate.swift; sourceTree = "<group>"; };
		588410D024862758003AD26A /* UserListView.swift */ = {isa = PBXFileReference; fileEncoding = 4; lastKnownFileType = sourcecode.swift; path = UserListView.swift; sourceTree = "<group>"; };
		588410D224862758003AD26A /* RoundedFilledButton.swift */ = {isa = PBXFileReference; fileEncoding = 4; lastKnownFileType = sourcecode.swift; path = RoundedFilledButton.swift; sourceTree = "<group>"; };
		588410D324862758003AD26A /* TextFieldWithFloatingLabel.swift */ = {isa = PBXFileReference; fileEncoding = 4; lastKnownFileType = sourcecode.swift; path = TextFieldWithFloatingLabel.swift; sourceTree = "<group>"; };
		588BB0952484032700C3AE5C /* openssl.framework */ = {isa = PBXFileReference; lastKnownFileType = wrapper.framework; name = openssl.framework; path = Frameworks/openssl.framework; sourceTree = "<group>"; };
		588BB0962484032700C3AE5C /* rtengine.framework */ = {isa = PBXFileReference; lastKnownFileType = wrapper.framework; name = rtengine.framework; path = Frameworks/rtengine.framework; sourceTree = "<group>"; };
		58FFC9EB24881E8B00AEE56D /* test.pdf */ = {isa = PBXFileReference; lastKnownFileType = image.pdf; path = test.pdf; sourceTree = "<group>"; };
		5E33801627674BA400FE7A23 /* VcrInfo.swift */ = {isa = PBXFileReference; lastKnownFileType = sourcecode.swift; path = VcrInfo.swift; sourceTree = "<group>"; };
		5E33801827678A7300FE7A23 /* ru */ = {isa = PBXFileReference; lastKnownFileType = text.plist.strings; name = ru; path = ru.lproj/LaunchScreen.strings; sourceTree = "<group>"; };
		5EB182EA276340890078FA5E /* PcscWrapper.swift */ = {isa = PBXFileReference; lastKnownFileType = sourcecode.swift; path = PcscWrapper.swift; sourceTree = "<group>"; };
		5ED0A735276260F700D67034 /* VcrListInteractor.swift */ = {isa = PBXFileReference; lastKnownFileType = sourcecode.swift; path = VcrListInteractor.swift; sourceTree = "<group>"; };
		5ED0A7372762614400D67034 /* VcrListState.swift */ = {isa = PBXFileReference; lastKnownFileType = sourcecode.swift; path = VcrListState.swift; sourceTree = "<group>"; };
		5EFD388D2769E97000A77C40 /* UserListInteractor.swift */ = {isa = PBXFileReference; lastKnownFileType = sourcecode.swift; path = UserListInteractor.swift; sourceTree = "<group>"; };
		B158944024863EDF00C8485E /* DocumentViewer.swift */ = {isa = PBXFileReference; fileEncoding = 4; lastKnownFileType = sourcecode.swift; path = DocumentViewer.swift; sourceTree = "<group>"; };
		B15894452486BA8900C8485E /* ShareView.swift */ = {isa = PBXFileReference; lastKnownFileType = sourcecode.swift; path = ShareView.swift; sourceTree = "<group>"; };
		B15FBD25248E267600385F6E /* Sharables.swift */ = {isa = PBXFileReference; lastKnownFileType = sourcecode.swift; path = Sharables.swift; sourceTree = "<group>"; };
		B15FBD27248E6B9500385F6E /* DocumentPickerView.swift */ = {isa = PBXFileReference; lastKnownFileType = sourcecode.swift; path = DocumentPickerView.swift; sourceTree = "<group>"; };
		B15FBD2D24925FE000385F6E /* AccessedUrl.swift */ = {isa = PBXFileReference; lastKnownFileType = sourcecode.swift; path = AccessedUrl.swift; sourceTree = "<group>"; };
		C310886B24939CEF00C6E8FE /* TokenListView.swift */ = {isa = PBXFileReference; lastKnownFileType = sourcecode.swift; path = TokenListView.swift; sourceTree = "<group>"; };
		C31989FB2694BE580014536C /* Config.xcconfig */ = {isa = PBXFileReference; lastKnownFileType = text.xcconfig; path = Config.xcconfig; sourceTree = "<group>"; };
		C399859124864A1D004C5889 /* Cert.swift */ = {isa = PBXFileReference; lastKnownFileType = sourcecode.swift; path = Cert.swift; sourceTree = "<group>"; };
		C399859324864A3F004C5889 /* Token.swift */ = {isa = PBXFileReference; lastKnownFileType = sourcecode.swift; path = Token.swift; sourceTree = "<group>"; };
		C3C5FE84248A741700751E3A /* LoadingIndicator.swift */ = {isa = PBXFileReference; lastKnownFileType = sourcecode.swift; path = LoadingIndicator.swift; sourceTree = "<group>"; };
		C3CE1BAE24866DD400981E61 /* SignResultView.swift */ = {isa = PBXFileReference; lastKnownFileType = sourcecode.swift; path = SignResultView.swift; sourceTree = "<group>"; };
		C3FA84A1246C11670005B294 /* Демосмена.app */ = {isa = PBXFileReference; explicitFileType = wrapper.application; includeInIndex = 0; path = "Демосмена.app"; sourceTree = BUILT_PRODUCTS_DIR; };
		C3FA84AA246C11680005B294 /* Assets.xcassets */ = {isa = PBXFileReference; lastKnownFileType = folder.assetcatalog; path = Assets.xcassets; sourceTree = "<group>"; };
		C3FA84AD246C11680005B294 /* Preview Assets.xcassets */ = {isa = PBXFileReference; lastKnownFileType = folder.assetcatalog; path = "Preview Assets.xcassets"; sourceTree = "<group>"; };
		C3FA84B0246C11680005B294 /* Base */ = {isa = PBXFileReference; lastKnownFileType = file.storyboard; name = Base; path = Base.lproj/LaunchScreen.storyboard; sourceTree = "<group>"; };
		C3FA84B2246C11680005B294 /* Info.plist */ = {isa = PBXFileReference; lastKnownFileType = text.plist.xml; path = Info.plist; sourceTree = "<group>"; };
		C3FF05F72497F4FF00C8F4B1 /* CertCard.swift */ = {isa = PBXFileReference; lastKnownFileType = sourcecode.swift; path = CertCard.swift; sourceTree = "<group>"; };
		C3FF05F92497F5AF00C8F4B1 /* CertListView.swift */ = {isa = PBXFileReference; lastKnownFileType = sourcecode.swift; path = CertListView.swift; sourceTree = "<group>"; };
		C3FF4DBE2477A5B6002AA664 /* RtPcsc.framework */ = {isa = PBXFileReference; lastKnownFileType = wrapper.framework; name = RtPcsc.framework; path = Frameworks/RtPcsc.framework; sourceTree = "<group>"; };
		C3FF4DBF2477A5B6002AA664 /* rtpkcs11ecp.framework */ = {isa = PBXFileReference; lastKnownFileType = wrapper.framework; name = rtpkcs11ecp.framework; path = Frameworks/rtpkcs11ecp.framework; sourceTree = "<group>"; };
/* End PBXFileReference section */

/* Begin PBXFrameworksBuildPhase section */
		C3FA849E246C11670005B294 /* Frameworks */ = {
			isa = PBXFrameworksBuildPhase;
			buildActionMask = 2147483647;
			files = (
				C3FF4DC22477A5B6002AA664 /* rtpkcs11ecp.framework in Frameworks */,
				588BB09B248408A600C3AE5C /* openssl.framework in Frameworks */,
				588BB099248408A400C3AE5C /* rtengine.framework in Frameworks */,
				C3FF4DC02477A5B6002AA664 /* RtPcsc.framework in Frameworks */,
			);
			runOnlyForDeploymentPostprocessing = 0;
		};
/* End PBXFrameworksBuildPhase section */

/* Begin PBXGroup section */
		11475CC5277397E7008A9F85 /* Environment */ = {
			isa = PBXGroup;
			children = (
				11475CC627739808008A9F85 /* EnvironmentValues.swift */,
			);
			path = Environment;
			sourceTree = "<group>";
		};
		116D39122760DBEE00C40765 /* Interactors */ = {
			isa = PBXGroup;
			children = (
				116D39142760DC3D00C40765 /* AddVcrInteractor.swift */,
				5ED0A735276260F700D67034 /* VcrListInteractor.swift */,
				5EFD388D2769E97000A77C40 /* UserListInteractor.swift */,
				4483BA66278C245300D73A44 /* PcscWrapperInteractor.swift */,
			);
			path = Interactors;
			sourceTree = "<group>";
		};
		116D39132760DC0500C40765 /* States */ = {
			isa = PBXGroup;
			children = (
				5ED0A7372762614400D67034 /* VcrListState.swift */,
				116D39162760DC7100C40765 /* AddVcrState.swift */,
				11475CC827739FCC008A9F85 /* RoutingState.swift */,
			);
			path = States;
			sourceTree = "<group>";
		};
		584300C92490C71600DBC98E /* Model */ = {
			isa = PBXGroup;
			children = (
				584300CA2490C72D00DBC98E /* User.swift */,
				584300C3248F8B1100DBC98E /* CoreDataUser.xcdatamodeld */,
			);
			path = Model;
			sourceTree = "<group>";
		};
		588410C724862758003AD26A /* Pkcs11 */ = {
			isa = PBXGroup;
			children = (
				588410C824862758003AD26A /* Demoshift-Bridging-Header.h */,
				588410C924862758003AD26A /* TokenManager.swift */,
				C399859324864A3F004C5889 /* Token.swift */,
				C399859124864A1D004C5889 /* Cert.swift */,
			);
			path = Pkcs11;
			sourceTree = "<group>";
		};
		588410CA24862758003AD26A /* Views */ = {
			isa = PBXGroup;
			children = (
				588410CC24862758003AD26A /* AppDelegate.swift */,
				588410CF24862758003AD26A /* SceneDelegate.swift */,
				588410D024862758003AD26A /* UserListView.swift */,
				588410CB24862758003AD26A /* PinInputView.swift */,
				58167F6F248628D200C76262 /* SignView.swift */,
				C3CE1BAE24866DD400981E61 /* SignResultView.swift */,
				C310886B24939CEF00C6E8FE /* TokenListView.swift */,
				B15894452486BA8900C8485E /* ShareView.swift */,
				B15FBD27248E6B9500385F6E /* DocumentPickerView.swift */,
				C3FF05F92497F5AF00C8F4B1 /* CertListView.swift */,
				119BF042274AB3050002B8C6 /* VcrListView.swift */,
				116D3902275A34B400C40765 /* AddVcrView.swift */,
			);
			path = Views;
			sourceTree = "<group>";
		};
		588410D124862758003AD26A /* Components */ = {
			isa = PBXGroup;
			children = (
				B158944024863EDF00C8485E /* DocumentViewer.swift */,
				C3C5FE84248A741700751E3A /* LoadingIndicator.swift */,
				588410D224862758003AD26A /* RoundedFilledButton.swift */,
				B15FBD25248E267600385F6E /* Sharables.swift */,
				588410D324862758003AD26A /* TextFieldWithFloatingLabel.swift */,
				588410CE24862758003AD26A /* UserCard.swift */,
				B15FBD2D24925FE000385F6E /* AccessedUrl.swift */,
				C3FF05F72497F4FF00C8F4B1 /* CertCard.swift */,
				119BF03C2749506A0002B8C6 /* Hint.swift */,
				445B3D832758B253004B224C /* VCRCard.swift */,
				116D390E275F7C9C00C40765 /* BulletTextItem.swift */,
				116D3910275F7CE600C40765 /* HintButton.swift */,
				448067E5275FD1C700EBF5BB /* NotificationManager.swift */,
				119310AA27637FE900B64BE0 /* QrCode.swift */,
				119310AC2767865200B64BE0 /* ProgressRectangle.swift */,
			);
			path = Components;
			sourceTree = "<group>";
		};
		5E33801527674B8D00FE7A23 /* Entities */ = {
			isa = PBXGroup;
			children = (
				5E33801627674BA400FE7A23 /* VcrInfo.swift */,
			);
			path = Entities;
			sourceTree = "<group>";
		};
		5EB182E9276340790078FA5E /* PcscWrapper */ = {
			isa = PBXGroup;
			children = (
				5EB182EA276340890078FA5E /* PcscWrapper.swift */,
				1168AB3B278F18AF00DD63A0 /* VcrWrapper.swift */,
			);
			path = PcscWrapper;
			sourceTree = "<group>";
		};
		B15894442486815200C8485E /* Resources */ = {
			isa = PBXGroup;
			children = (
				58FFC9EB24881E8B00AEE56D /* test.pdf */,
			);
			path = Resources;
			sourceTree = "<group>";
		};
		C3FA8498246C11670005B294 = {
			isa = PBXGroup;
			children = (
				C3FA84A3246C11670005B294 /* demoshift */,
				C3FA84A2246C11670005B294 /* Products */,
				C3FF4DBD2477A5B6002AA664 /* Frameworks */,
			);
			sourceTree = "<group>";
		};
		C3FA84A2246C11670005B294 /* Products */ = {
			isa = PBXGroup;
			children = (
				C3FA84A1246C11670005B294 /* Демосмена.app */,
			);
			name = Products;
			sourceTree = "<group>";
		};
		C3FA84A3246C11670005B294 /* demoshift */ = {
			isa = PBXGroup;
			children = (
				11475CC5277397E7008A9F85 /* Environment */,
				5EB182E9276340790078FA5E /* PcscWrapper */,
				5E33801527674B8D00FE7A23 /* Entities */,
				116D39132760DC0500C40765 /* States */,
				116D39122760DBEE00C40765 /* Interactors */,
				588410C724862758003AD26A /* Pkcs11 */,
				588410CA24862758003AD26A /* Views */,
				584300C92490C71600DBC98E /* Model */,
				588410D124862758003AD26A /* Components */,
				B15894442486815200C8485E /* Resources */,
				C3FA84AA246C11680005B294 /* Assets.xcassets */,
				C3FA84AF246C11680005B294 /* LaunchScreen.storyboard */,
				C3FA84B2246C11680005B294 /* Info.plist */,
				C31989FB2694BE580014536C /* Config.xcconfig */,
				C3FA84AC246C11680005B294 /* Preview Content */,
			);
			path = demoshift;
			sourceTree = "<group>";
		};
		C3FA84AC246C11680005B294 /* Preview Content */ = {
			isa = PBXGroup;
			children = (
				C3FA84AD246C11680005B294 /* Preview Assets.xcassets */,
			);
			path = "Preview Content";
			sourceTree = "<group>";
		};
		C3FF4DBD2477A5B6002AA664 /* Frameworks */ = {
			isa = PBXGroup;
			children = (
				588BB0952484032700C3AE5C /* openssl.framework */,
				588BB0962484032700C3AE5C /* rtengine.framework */,
				C3FF4DBE2477A5B6002AA664 /* RtPcsc.framework */,
				C3FF4DBF2477A5B6002AA664 /* rtpkcs11ecp.framework */,
			);
			name = Frameworks;
			sourceTree = "<group>";
		};
/* End PBXGroup section */

/* Begin PBXNativeTarget section */
		C3FA84A0246C11670005B294 /* demoshift */ = {
			isa = PBXNativeTarget;
			buildConfigurationList = C3FA84B5246C11680005B294 /* Build configuration list for PBXNativeTarget "demoshift" */;
			buildPhases = (
				C37D605D246D63ED003E0761 /* Copy External Frameworks */,
				C37D605C246D5A89003E0761 /* Run SwiftLint */,
				C3FA849D246C11670005B294 /* Sources */,
				C3FA849E246C11670005B294 /* Frameworks */,
				C3FA849F246C11670005B294 /* Resources */,
				C3FF4DC42477A5B6002AA664 /* Embed Frameworks */,
			);
			buildRules = (
			);
			dependencies = (
			);
			name = demoshift;
			productName = demoshift;
			productReference = C3FA84A1246C11670005B294 /* Демосмена.app */;
			productType = "com.apple.product-type.application";
		};
/* End PBXNativeTarget section */

/* Begin PBXProject section */
		C3FA8499246C11670005B294 /* Project object */ = {
			isa = PBXProject;
			attributes = {
				LastSwiftUpdateCheck = 1140;
				LastUpgradeCheck = 1250;
				ORGANIZATIONNAME = "Aktiv Co";
				TargetAttributes = {
					C3FA84A0246C11670005B294 = {
						CreatedOnToolsVersion = 11.4.1;
					};
				};
			};
			buildConfigurationList = C3FA849C246C11670005B294 /* Build configuration list for PBXProject "demoshift" */;
			compatibilityVersion = "Xcode 9.3";
			developmentRegion = en;
			hasScannedForEncodings = 0;
			knownRegions = (
				en,
				Base,
				ru,
			);
			mainGroup = C3FA8498246C11670005B294;
			productRefGroup = C3FA84A2246C11670005B294 /* Products */;
			projectDirPath = "";
			projectRoot = "";
			targets = (
				C3FA84A0246C11670005B294 /* demoshift */,
			);
		};
/* End PBXProject section */

/* Begin PBXResourcesBuildPhase section */
		C3FA849F246C11670005B294 /* Resources */ = {
			isa = PBXResourcesBuildPhase;
			buildActionMask = 2147483647;
			files = (
				58FFC9EC24881E8B00AEE56D /* test.pdf in Resources */,
				C3FA84B1246C11680005B294 /* LaunchScreen.storyboard in Resources */,
				C3FA84AE246C11680005B294 /* Preview Assets.xcassets in Resources */,
				C3FA84AB246C11680005B294 /* Assets.xcassets in Resources */,
			);
			runOnlyForDeploymentPostprocessing = 0;
		};
/* End PBXResourcesBuildPhase section */

/* Begin PBXShellScriptBuildPhase section */
		C37D605C246D5A89003E0761 /* Run SwiftLint */ = {
			isa = PBXShellScriptBuildPhase;
			buildActionMask = 2147483647;
			files = (
			);
			inputFileListPaths = (
			);
			inputPaths = (
			);
			name = "Run SwiftLint";
			outputFileListPaths = (
			);
			outputPaths = (
			);
			runOnlyForDeploymentPostprocessing = 0;
			shellPath = /bin/sh;
			shellScript = "if which swiftlint >/dev/null; then\n  swiftlint lint --strict\nelse\n  echo \"warning: SwiftLint not installed, download from https://github.com/realm/SwiftLint\"\nfi\n";
		};
		C37D605D246D63ED003E0761 /* Copy External Frameworks */ = {
			isa = PBXShellScriptBuildPhase;
			buildActionMask = 2147483647;
			files = (
			);
			inputFileListPaths = (
			);
			inputPaths = (
			);
			name = "Copy External Frameworks";
			outputFileListPaths = (
			);
			outputPaths = (
			);
			runOnlyForDeploymentPostprocessing = 0;
			shellPath = /bin/sh;
			shellScript = "# This script only for inner development\nif [[ -d Frameworks ]]\nthen\n    exit 0   \nfi\n\nmkdir Frameworks\npython3 scripts/download_deps.py -p ios\n\nfind external -type d -name \"*.framework\" | xargs -I {} cp -R {} Frameworks/\n";
		};
/* End PBXShellScriptBuildPhase section */

/* Begin PBXSourcesBuildPhase section */
		C3FA849D246C11670005B294 /* Sources */ = {
			isa = PBXSourcesBuildPhase;
			buildActionMask = 2147483647;
			files = (
				588410D624862758003AD26A /* AppDelegate.swift in Sources */,
				119310AD2767865200B64BE0 /* ProgressRectangle.swift in Sources */,
				116D39172760DC7100C40765 /* AddVcrState.swift in Sources */,
				58167F70248628D200C76262 /* SignView.swift in Sources */,
				B15894462486BA8900C8485E /* ShareView.swift in Sources */,
				11475CC927739FCC008A9F85 /* RoutingState.swift in Sources */,
				11475CC727739808008A9F85 /* EnvironmentValues.swift in Sources */,
				588410DB24862758003AD26A /* RoundedFilledButton.swift in Sources */,
				119310AB27637FE900B64BE0 /* QrCode.swift in Sources */,
				119BF03D2749506A0002B8C6 /* Hint.swift in Sources */,
				B15FBD28248E6B9500385F6E /* DocumentPickerView.swift in Sources */,
				1168AB3C278F18AF00DD63A0 /* VcrWrapper.swift in Sources */,
				116D3903275A34B400C40765 /* AddVcrView.swift in Sources */,
				448067E6275FD1C700EBF5BB /* NotificationManager.swift in Sources */,
				588410D424862758003AD26A /* TokenManager.swift in Sources */,
				B15FBD2E24925FE000385F6E /* AccessedUrl.swift in Sources */,
				588410DC24862758003AD26A /* TextFieldWithFloatingLabel.swift in Sources */,
				588410DA24862758003AD26A /* UserListView.swift in Sources */,
				C3FF05FA2497F5AF00C8F4B1 /* CertListView.swift in Sources */,
				5ED0A7382762614400D67034 /* VcrListState.swift in Sources */,
				588410D824862758003AD26A /* UserCard.swift in Sources */,
				C399859224864A1D004C5889 /* Cert.swift in Sources */,
				5EFD388E2769E97000A77C40 /* UserListInteractor.swift in Sources */,
				584300C5248F8B1100DBC98E /* CoreDataUser.xcdatamodeld in Sources */,
				B158944124863EE000C8485E /* DocumentViewer.swift in Sources */,
				445B3D842758B253004B224C /* VCRCard.swift in Sources */,
				588410D524862758003AD26A /* PinInputView.swift in Sources */,
				C399859424864A3F004C5889 /* Token.swift in Sources */,
				5ED0A736276260F700D67034 /* VcrListInteractor.swift in Sources */,
				C3FF05F82497F4FF00C8F4B1 /* CertCard.swift in Sources */,
				116D3911275F7CE600C40765 /* HintButton.swift in Sources */,
				5EB182EB276340890078FA5E /* PcscWrapper.swift in Sources */,
				C3C5FE85248A741700751E3A /* LoadingIndicator.swift in Sources */,
				584300CB2490C72D00DBC98E /* User.swift in Sources */,
				116D39152760DC3D00C40765 /* AddVcrInteractor.swift in Sources */,
				C3CE1BAF24866DD400981E61 /* SignResultView.swift in Sources */,
				116D390F275F7C9C00C40765 /* BulletTextItem.swift in Sources */,
				119BF043274AB3050002B8C6 /* VcrListView.swift in Sources */,
				5E33801727674BA400FE7A23 /* VcrInfo.swift in Sources */,
				4483BA67278C245300D73A44 /* PcscWrapperInteractor.swift in Sources */,
				588410D924862758003AD26A /* SceneDelegate.swift in Sources */,
				B15FBD26248E267600385F6E /* Sharables.swift in Sources */,
				C310886C24939CEF00C6E8FE /* TokenListView.swift in Sources */,
			);
			runOnlyForDeploymentPostprocessing = 0;
		};
/* End PBXSourcesBuildPhase section */

/* Begin PBXVariantGroup section */
		C3FA84AF246C11680005B294 /* LaunchScreen.storyboard */ = {
			isa = PBXVariantGroup;
			children = (
				C3FA84B0246C11680005B294 /* Base */,
				5E33801827678A7300FE7A23 /* ru */,
			);
			name = LaunchScreen.storyboard;
			sourceTree = "<group>";
		};
/* End PBXVariantGroup section */

/* Begin XCBuildConfiguration section */
		C3FA84B3246C11680005B294 /* Debug */ = {
			isa = XCBuildConfiguration;
			baseConfigurationReference = C31989FB2694BE580014536C /* Config.xcconfig */;
			buildSettings = {
				ALWAYS_SEARCH_USER_PATHS = NO;
				CLANG_ANALYZER_LOCALIZABILITY_NONLOCALIZED = YES;
				CLANG_ANALYZER_NONNULL = YES;
				CLANG_ANALYZER_NUMBER_OBJECT_CONVERSION = YES_AGGRESSIVE;
				CLANG_CXX_LANGUAGE_STANDARD = "gnu++14";
				CLANG_CXX_LIBRARY = "libc++";
				CLANG_ENABLE_MODULES = YES;
				CLANG_ENABLE_OBJC_ARC = YES;
				CLANG_ENABLE_OBJC_WEAK = YES;
				CLANG_WARN_BLOCK_CAPTURE_AUTORELEASING = YES;
				CLANG_WARN_BOOL_CONVERSION = YES;
				CLANG_WARN_COMMA = YES;
				CLANG_WARN_CONSTANT_CONVERSION = YES;
				CLANG_WARN_DEPRECATED_OBJC_IMPLEMENTATIONS = YES;
				CLANG_WARN_DIRECT_OBJC_ISA_USAGE = YES_ERROR;
				CLANG_WARN_DOCUMENTATION_COMMENTS = YES;
				CLANG_WARN_EMPTY_BODY = YES;
				CLANG_WARN_ENUM_CONVERSION = YES;
				CLANG_WARN_INFINITE_RECURSION = YES;
				CLANG_WARN_INT_CONVERSION = YES;
				CLANG_WARN_NON_LITERAL_NULL_CONVERSION = YES;
				CLANG_WARN_OBJC_IMPLICIT_RETAIN_SELF = YES;
				CLANG_WARN_OBJC_LITERAL_CONVERSION = YES;
				CLANG_WARN_OBJC_ROOT_CLASS = YES_ERROR;
				CLANG_WARN_QUOTED_INCLUDE_IN_FRAMEWORK_HEADER = YES;
				CLANG_WARN_RANGE_LOOP_ANALYSIS = YES;
				CLANG_WARN_STRICT_PROTOTYPES = YES;
				CLANG_WARN_SUSPICIOUS_MOVE = YES;
				CLANG_WARN_UNGUARDED_AVAILABILITY = YES_AGGRESSIVE;
				CLANG_WARN_UNREACHABLE_CODE = YES;
				CLANG_WARN__DUPLICATE_METHOD_MATCH = YES;
				COPY_PHASE_STRIP = NO;
				DEBUG_INFORMATION_FORMAT = dwarf;
				ENABLE_STRICT_OBJC_MSGSEND = YES;
				ENABLE_TESTABILITY = YES;
				GCC_C_LANGUAGE_STANDARD = gnu11;
				GCC_DYNAMIC_NO_PIC = NO;
				GCC_NO_COMMON_BLOCKS = YES;
				GCC_OPTIMIZATION_LEVEL = 0;
				GCC_PREPROCESSOR_DEFINITIONS = (
					"DEBUG=1",
					"$(inherited)",
				);
				GCC_WARN_64_TO_32_BIT_CONVERSION = YES;
				GCC_WARN_ABOUT_RETURN_TYPE = YES_ERROR;
				GCC_WARN_UNDECLARED_SELECTOR = YES;
				GCC_WARN_UNINITIALIZED_AUTOS = YES_AGGRESSIVE;
				GCC_WARN_UNUSED_FUNCTION = YES;
				GCC_WARN_UNUSED_VARIABLE = YES;
				IPHONEOS_DEPLOYMENT_TARGET = 13.0;
				MTL_ENABLE_DEBUG_INFO = INCLUDE_SOURCE;
				MTL_FAST_MATH = YES;
				ONLY_ACTIVE_ARCH = YES;
				SDKROOT = iphoneos;
				SWIFT_ACTIVE_COMPILATION_CONDITIONS = DEBUG;
				SWIFT_OPTIMIZATION_LEVEL = "-Onone";
			};
			name = Debug;
		};
		C3FA84B4246C11680005B294 /* Release */ = {
			isa = XCBuildConfiguration;
			baseConfigurationReference = C31989FB2694BE580014536C /* Config.xcconfig */;
			buildSettings = {
				ALWAYS_SEARCH_USER_PATHS = NO;
				CLANG_ANALYZER_LOCALIZABILITY_NONLOCALIZED = YES;
				CLANG_ANALYZER_NONNULL = YES;
				CLANG_ANALYZER_NUMBER_OBJECT_CONVERSION = YES_AGGRESSIVE;
				CLANG_CXX_LANGUAGE_STANDARD = "gnu++14";
				CLANG_CXX_LIBRARY = "libc++";
				CLANG_ENABLE_MODULES = YES;
				CLANG_ENABLE_OBJC_ARC = YES;
				CLANG_ENABLE_OBJC_WEAK = YES;
				CLANG_WARN_BLOCK_CAPTURE_AUTORELEASING = YES;
				CLANG_WARN_BOOL_CONVERSION = YES;
				CLANG_WARN_COMMA = YES;
				CLANG_WARN_CONSTANT_CONVERSION = YES;
				CLANG_WARN_DEPRECATED_OBJC_IMPLEMENTATIONS = YES;
				CLANG_WARN_DIRECT_OBJC_ISA_USAGE = YES_ERROR;
				CLANG_WARN_DOCUMENTATION_COMMENTS = YES;
				CLANG_WARN_EMPTY_BODY = YES;
				CLANG_WARN_ENUM_CONVERSION = YES;
				CLANG_WARN_INFINITE_RECURSION = YES;
				CLANG_WARN_INT_CONVERSION = YES;
				CLANG_WARN_NON_LITERAL_NULL_CONVERSION = YES;
				CLANG_WARN_OBJC_IMPLICIT_RETAIN_SELF = YES;
				CLANG_WARN_OBJC_LITERAL_CONVERSION = YES;
				CLANG_WARN_OBJC_ROOT_CLASS = YES_ERROR;
				CLANG_WARN_QUOTED_INCLUDE_IN_FRAMEWORK_HEADER = YES;
				CLANG_WARN_RANGE_LOOP_ANALYSIS = YES;
				CLANG_WARN_STRICT_PROTOTYPES = YES;
				CLANG_WARN_SUSPICIOUS_MOVE = YES;
				CLANG_WARN_UNGUARDED_AVAILABILITY = YES_AGGRESSIVE;
				CLANG_WARN_UNREACHABLE_CODE = YES;
				CLANG_WARN__DUPLICATE_METHOD_MATCH = YES;
				COPY_PHASE_STRIP = NO;
				DEBUG_INFORMATION_FORMAT = "dwarf-with-dsym";
				ENABLE_NS_ASSERTIONS = NO;
				ENABLE_STRICT_OBJC_MSGSEND = YES;
				GCC_C_LANGUAGE_STANDARD = gnu11;
				GCC_NO_COMMON_BLOCKS = YES;
				GCC_WARN_64_TO_32_BIT_CONVERSION = YES;
				GCC_WARN_ABOUT_RETURN_TYPE = YES_ERROR;
				GCC_WARN_UNDECLARED_SELECTOR = YES;
				GCC_WARN_UNINITIALIZED_AUTOS = YES_AGGRESSIVE;
				GCC_WARN_UNUSED_FUNCTION = YES;
				GCC_WARN_UNUSED_VARIABLE = YES;
				IPHONEOS_DEPLOYMENT_TARGET = 13.0;
				MTL_ENABLE_DEBUG_INFO = NO;
				MTL_FAST_MATH = YES;
				SDKROOT = iphoneos;
				SWIFT_COMPILATION_MODE = wholemodule;
				SWIFT_OPTIMIZATION_LEVEL = "-O";
				VALIDATE_PRODUCT = YES;
			};
			name = Release;
		};
		C3FA84B6246C11680005B294 /* Debug */ = {
			isa = XCBuildConfiguration;
			baseConfigurationReference = C31989FB2694BE580014536C /* Config.xcconfig */;
			buildSettings = {
				ASSETCATALOG_COMPILER_APPICON_NAME = "app-icon";
				CODE_SIGN_ENTITLEMENTS = demoshift/demoshift.entitlements;
				CODE_SIGN_STYLE = Automatic;
				DEVELOPMENT_ASSET_PATHS = "\"demoshift/Preview Content\"";
				DEVELOPMENT_TEAM = TRCKC8GFT7;
				ENABLE_PREVIEWS = YES;
				FRAMEWORK_SEARCH_PATHS = (
					"$(inherited)",
					"$(PROJECT_DIR)/Frameworks",
				);
				HEADER_SEARCH_PATHS = "$(PROJECT_DIR)/Frameworks/rtpkcs11ecp.framework/Headers";
				INFOPLIST_FILE = demoshift/Info.plist;
				IPHONEOS_DEPLOYMENT_TARGET = 13.0;
				LD_RUNPATH_SEARCH_PATHS = (
					"$(inherited)",
					"@executable_path/Frameworks",
				);
				MARKETING_VERSION = 2.0.0;
				PRODUCT_BUNDLE_IDENTIFIER = ru.rutoken.demoshift;
				PRODUCT_NAME = "Демосмена";
				SWIFT_OBJC_BRIDGING_HEADER = "$(PROJECT_DIR)/demoshift/Pkcs11/Demoshift-Bridging-Header.h";
				SWIFT_VERSION = 5.0;
				TARGETED_DEVICE_FAMILY = "1,2";
			};
			name = Debug;
		};
		C3FA84B7246C11680005B294 /* Release */ = {
			isa = XCBuildConfiguration;
			baseConfigurationReference = C31989FB2694BE580014536C /* Config.xcconfig */;
			buildSettings = {
				ASSETCATALOG_COMPILER_APPICON_NAME = "app-icon";
				CODE_SIGN_ENTITLEMENTS = demoshift/demoshift.entitlements;
				CODE_SIGN_STYLE = Automatic;
				DEVELOPMENT_ASSET_PATHS = "\"demoshift/Preview Content\"";
				DEVELOPMENT_TEAM = TRCKC8GFT7;
				ENABLE_PREVIEWS = YES;
				FRAMEWORK_SEARCH_PATHS = (
					"$(inherited)",
					"$(PROJECT_DIR)/Frameworks",
				);
				HEADER_SEARCH_PATHS = "$(PROJECT_DIR)/Frameworks/rtpkcs11ecp.framework/Headers";
				INFOPLIST_FILE = demoshift/Info.plist;
				IPHONEOS_DEPLOYMENT_TARGET = 13.0;
				LD_RUNPATH_SEARCH_PATHS = (
					"$(inherited)",
					"@executable_path/Frameworks",
				);
				MARKETING_VERSION = 2.0.0;
				PRODUCT_BUNDLE_IDENTIFIER = ru.rutoken.demoshift;
				PRODUCT_NAME = "Демосмена";
				SWIFT_OBJC_BRIDGING_HEADER = "$(PROJECT_DIR)/demoshift/Pkcs11/Demoshift-Bridging-Header.h";
				SWIFT_VERSION = 5.0;
				TARGETED_DEVICE_FAMILY = "1,2";
			};
			name = Release;
		};
/* End XCBuildConfiguration section */

/* Begin XCConfigurationList section */
		C3FA849C246C11670005B294 /* Build configuration list for PBXProject "demoshift" */ = {
			isa = XCConfigurationList;
			buildConfigurations = (
				C3FA84B3246C11680005B294 /* Debug */,
				C3FA84B4246C11680005B294 /* Release */,
			);
			defaultConfigurationIsVisible = 0;
			defaultConfigurationName = Release;
		};
		C3FA84B5246C11680005B294 /* Build configuration list for PBXNativeTarget "demoshift" */ = {
			isa = XCConfigurationList;
			buildConfigurations = (
				C3FA84B6246C11680005B294 /* Debug */,
				C3FA84B7246C11680005B294 /* Release */,
			);
			defaultConfigurationIsVisible = 0;
			defaultConfigurationName = Release;
		};
/* End XCConfigurationList section */

/* Begin XCVersionGroup section */
		584300C3248F8B1100DBC98E /* CoreDataUser.xcdatamodeld */ = {
			isa = XCVersionGroup;
			children = (
				584300C4248F8B1100DBC98E /* CoreDataUser.xcdatamodel */,
			);
			currentVersion = 584300C4248F8B1100DBC98E /* CoreDataUser.xcdatamodel */;
			path = CoreDataUser.xcdatamodeld;
			sourceTree = "<group>";
			versionGroupType = wrapper.xcdatamodel;
		};
/* End XCVersionGroup section */
	};
	rootObject = C3FA8499246C11670005B294 /* Project object */;
}
